lockfileVersion: '6.0'

settings:
  autoInstallPeers: true
  excludeLinksFromLockfile: false

importers:

  .: {}

  packages/mod1:
    dependencies:
      mod2:
        specifier: '*'
        version: link:../mod2
      typescript:
        specifier: ^5.5.4
        version: 5.5.4

  packages/mod2:
    devDependencies:
      '@types/lodash':
        specifier: ^4.17.7
        version: 4.17.7
      lodash:
        specifier: ^4.17.21
        version: 4.17.21
      typescript:
        specifier: ^5.5.4
        version: 5.5.4

packages:

  /@types/lodash@4.17.7:
    resolution: {integrity: sha512-8wTvZawATi/lsmNu10/j2hk1KEP0IvjubqPE3cu1Xz7xfXXt5oCq3SNUz4fMIP4XGF9Ky+Ue2tBA3hcS7LSBlA==}
    dev: true

  /lodash@4.17.21:
    resolution: {integrity: sha512-v2kDEe57lecTulaDIuNTPy3Ry4gLGJ6Z1O3vE1krgXZNrsQ+LFTGHVxVjcXPs17LhbZVGedAJv8XZ1tvj5FvSg==}
    dev: true

  /typescript@5.5.4:
    resolution: {integrity: sha512-Mtq29sKDAEYP7aljRgtPOpTvOfbwRWlS6dPRzwjdE+C0R4brX/GUyhHSecbHMFLNBLcJIPt9nl9yG5TZ1weH+Q==}
    engines: {node: '>=14.17'}
    hasBin: true
